<?xml version="1.0" encoding="utf-8"?>
<Project ToolsVersion="4.0" xmlns="http://schemas.microsoft.com/developer/msbuild/2003">
  <ItemGroup>
    <Filter Include="Source Files">
      <UniqueIdentifier>{4FC737F1-C7A5-4376-A066-2A32D752A2FF}</UniqueIdentifier>
      <Extensions>cpp;c;cc;cxx;def;odl;idl;hpj;bat;asm;asmx</Extensions>
    </Filter>
    <Filter Include="Header Files">
      <UniqueIdentifier>{93995380-89BD-4b04-88EB-625FBE52EBFB}</UniqueIdentifier>
      <Extensions>h;hh;hpp;hxx;hm;inl;inc;xsd</Extensions>
    </Filter>
    <Filter Include="Resource Files">
      <UniqueIdentifier>{67DA6AB6-F800-4c08-8B7A-83BB121AAD01}</UniqueIdentifier>
      <Extensions>rc;ico;cur;bmp;dlg;rc2;rct;bin;rgs;gif;jpg;jpeg;jpe;resx;tiff;tif;png;wav;mfcribbon-ms</Extensions>
    </Filter>
    <Filter Include="Definition">
      <UniqueIdentifier>{11044402-058d-4561-a31d-c207173e60ff}</UniqueIdentifier>
    </Filter>
    <Filter Include="Python">
      <UniqueIdentifier>{a81c0ceb-ba83-48fc-87b7-14b37dcd9704}</UniqueIdentifier>
    </Filter>
  </ItemGroup>
  <ItemGroup>
    <ClCompile Include="..\python-dbgeng\constants.cpp">
      <Filter>Source Files</Filter>
    </ClCompile>
    <ClCompile Include="..\python-dbgeng\debugadvanced.cpp">
      <Filter>Source Files</Filter>
    </ClCompile>
    <ClCompile Include="..\python-dbgeng\debugbreakpoint.cpp">
      <Filter>Source Files</Filter>
    </ClCompile>
    <ClCompile Include="..\python-dbgeng\debugclient.cpp">
      <Filter>Source Files</Filter>
    </ClCompile>
    <ClCompile Include="..\python-dbgeng\debugcontrol.cpp">
      <Filter>Source Files</Filter>
    </ClCompile>
    <ClCompile Include="..\python-dbgeng\debugdataspaces.cpp">
      <Filter>Source Files</Filter>
    </ClCompile>
    <ClCompile Include="..\python-dbgeng\debugregisters.cpp">
      <Filter>Source Files</Filter>
    </ClCompile>
    <ClCompile Include="..\python-dbgeng\debugsymbolgroup.cpp">
      <Filter>Source Files</Filter>
    </ClCompile>
    <ClCompile Include="..\python-dbgeng\debugsymbols.cpp">
      <Filter>Source Files</Filter>
    </ClCompile>
    <ClCompile Include="..\python-dbgeng\debugsystemsobject.cpp">
      <Filter>Source Files</Filter>
    </ClCompile>
    <ClCompile Include="..\python-dbgeng\eventcallbacks.cpp">
      <Filter>Source Files</Filter>
    </ClCompile>
    <ClCompile Include="..\python-dbgeng\exceptions.cpp">
      <Filter>Source Files</Filter>
    </ClCompile>
    <ClCompile Include="..\python-dbgeng\outputcallbacks.cpp">
      <Filter>Source Files</Filter>
    </ClCompile>
    <ClCompile Include="..\python-dbgeng\pydbgeng.cpp">
      <Filter>Source Files</Filter>
    </ClCompile>
    <ClCompile Include="..\python-dbgeng\winstructs.cpp">
      <Filter>Source Files</Filter>
    </ClCompile>
  </ItemGroup>
  <ItemGroup>
    <ClInclude Include="..\python-dbgeng\eventcallbacks.h">
      <Filter>Header Files</Filter>
    </ClInclude>
    <ClInclude Include="..\python-dbgeng\constants.h">
      <Filter>Header Files</Filter>
    </ClInclude>
    <ClInclude Include="..\python-dbgeng\exceptions.h">
      <Filter>Header Files</Filter>
    </ClInclude>
    <ClInclude Include="..\python-dbgeng\outputcallbacks.h">
      <Filter>Header Files</Filter>
    </ClInclude>
    <ClInclude Include="..\python-dbgeng\winstructs.h">
      <Filter>Header Files</Filter>
    </ClInclude>
    <ClInclude Include="..\python-dbgeng\pydbgeng.h">
      <Filter>Header Files</Filter>
    </ClInclude>
  </ItemGroup>
  <ItemGroup>
    <None Include="..\python-dbgeng\pydbgeng.def">
      <Filter>Definition</Filter>
    </None>
    <None Include="..\__init__.py">
      <Filter>Python</Filter>
    </None>
    <None Include="..\pefile.py">
      <Filter>Python</Filter>
    </None>
    <None Include="..\pywindbg.py">
      <Filter>Python</Filter>
    </None>
    <None Include="..\setup.py">
      <Filter>Python</Filter>
    </None>
  </ItemGroup>
</Project>